
Microsoft Visual Studio Solution File, Format Version 12.00
# Visual Studio Version 16
VisualStudioVersion = 16.0.30709.132
MinimumVisualStudioVersion = 10.0.40219.1
Project("{FAE04EC0-301F-11D3-BF4B-00C04F79EFBC}") = "CadastraFuncionarios", "CadastraFuncionarios\CadastraFuncionarios.csproj", "{C00C7CAD-C600-4A4B-9E2B-1EAA82ECA398}"
EndProject
Global
	GlobalSection(SolutionConfigurationPlatforms) = preSolution
		Debug|Any CPU = Debug|Any CPU
		Release|Any CPU = Release|Any CPU
	EndGlobalSection
	GlobalSection(ProjectConfigurationPlatforms) = postSolution
		{C00C7CAD-C600-4A4B-9E2B-1EAA82ECA398}.Debug|Any CPU.ActiveCfg = Debug|Any CPU
		{C00C7CAD-C600-4A4B-9E2B-1EAA82ECA398}.Debug|Any CPU.Build.0 = Debug|Any CPU
		{C00C7CAD-C600-4A4B-9E2B-1EAA82ECA398}.Release|Any CPU.ActiveCfg = Release|Any CPU
		{C00C7CAD-C600-4A4B-9E2B-1EAA82ECA398}.Release|Any CPU.Build.0 = Release|Any CPU
	EndGlobalSection
	GlobalSection(SolutionProperties) = preSolution
		HideSolutionNode = FALSE
	EndGlobalSection
	GlobalSection(ExtensibilityGlobals) = postSolution
		SolutionGuid = {086773EE-CE71-4FFA-93D1-02C47B892F7D}
	EndGlobalSection
EndGlobal
