
Microsoft Visual Studio Solution File, Format Version 12.00
# Visual Studio Version 16
VisualStudioVersion = 16.0.30804.86
MinimumVisualStudioVersion = 10.0.40219.1
Project("{FAE04EC0-301F-11D3-BF4B-00C04F79EFBC}") = "AulaListas", "AulaListas\AulaListas.csproj", "{69C4A6A5-EBC6-4597-8351-77D81677A2A8}"
EndProject
Global
	GlobalSection(SolutionConfigurationPlatforms) = preSolution
		Debug|Any CPU = Debug|Any CPU
		Release|Any CPU = Release|Any CPU
	EndGlobalSection
	GlobalSection(ProjectConfigurationPlatforms) = postSolution
		{69C4A6A5-EBC6-4597-8351-77D81677A2A8}.Debug|Any CPU.ActiveCfg = Debug|Any CPU
		{69C4A6A5-EBC6-4597-8351-77D81677A2A8}.Debug|Any CPU.Build.0 = Debug|Any CPU
		{69C4A6A5-EBC6-4597-8351-77D81677A2A8}.Release|Any CPU.ActiveCfg = Release|Any CPU
		{69C4A6A5-EBC6-4597-8351-77D81677A2A8}.Release|Any CPU.Build.0 = Release|Any CPU
	EndGlobalSection
	GlobalSection(SolutionProperties) = preSolution
		HideSolutionNode = FALSE
	EndGlobalSection
	GlobalSection(ExtensibilityGlobals) = postSolution
		SolutionGuid = {2108E9D4-756E-44F4-9828-21B739AC6F13}
	EndGlobalSection
EndGlobal
